
Microsoft Visual Studio Solution File, Format Version 12.00
# Visual Studio 2017
Project("{FAE04EC0-301F-11D3-BF4B-00C04F79EFBC}") = "AudioSynthesizer", "AudioSynthesizer.csproj", "{20D4FFF2-72D9-2D79-867E-C5A28F186434}"
EndProject
Global
	GlobalSection(SolutionConfigurationPlatforms) = preSolution
		Debug|Any CPU = Debug|Any CPU
		Release|Any CPU = Release|Any CPU
	EndGlobalSection
	GlobalSection(ProjectConfigurationPlatforms) = postSolution
		{20D4FFF2-72D9-2D79-867E-C5A28F186434}.Debug|Any CPU.ActiveCfg = Debug|Any CPU
		{20D4FFF2-72D9-2D79-867E-C5A28F186434}.Debug|Any CPU.Build.0 = Debug|Any CPU
		{20D4FFF2-72D9-2D79-867E-C5A28F186434}.Release|Any CPU.ActiveCfg = Release|Any CPU
		{20D4FFF2-72D9-2D79-867E-C5A28F186434}.Release|Any CPU.Build.0 = Release|Any CPU
	EndGlobalSection
	GlobalSection(SolutionProperties) = preSolution
		HideSolutionNode = FALSE
	EndGlobalSection
EndGlobal
